
Microsoft Visual Studio Solution File, Format Version 12.00
# Visual Studio 15
VisualStudioVersion = 15.0.27703.2047
MinimumVisualStudioVersion = 10.0.40219.1
Project("{FAE04EC0-301F-11D3-BF4B-00C04F79EFBC}") = "S2C1", "S2C1\S2C1.csproj", "{6AF1B11E-4BAD-442F-9D66-133ADC3CA602}"
EndProject
Global
	GlobalSection(SolutionConfigurationPlatforms) = preSolution
		Debug|Any CPU = Debug|Any CPU
		Release|Any CPU = Release|Any CPU
	EndGlobalSection
	GlobalSection(ProjectConfigurationPlatforms) = postSolution
		{6AF1B11E-4BAD-442F-9D66-133ADC3CA602}.Debug|Any CPU.ActiveCfg = Debug|Any CPU
		{6AF1B11E-4BAD-442F-9D66-133ADC3CA602}.Debug|Any CPU.Build.0 = Debug|Any CPU
		{6AF1B11E-4BAD-442F-9D66-133ADC3CA602}.Release|Any CPU.ActiveCfg = Release|Any CPU
		{6AF1B11E-4BAD-442F-9D66-133ADC3CA602}.Release|Any CPU.Build.0 = Release|Any CPU
	EndGlobalSection
	GlobalSection(SolutionProperties) = preSolution
		HideSolutionNode = FALSE
	EndGlobalSection
	GlobalSection(ExtensibilityGlobals) = postSolution
		SolutionGuid = {2D69C0EE-615E-49AF-A528-99FEB3F2FEEF}
	EndGlobalSection
EndGlobal
