
Microsoft Visual Studio Solution File, Format Version 12.00
# Visual Studio 15
VisualStudioVersion = 15.0.27428.2037
MinimumVisualStudioVersion = 10.0.40219.1
Project("{FAE04EC0-301F-11D3-BF4B-00C04F79EFBC}") = "EDSLApp", "EDSLApp\EDSLApp.csproj", "{B62A44C6-4529-4D02-8D18-84BD87E1A89F}"
EndProject
Global
	GlobalSection(SolutionConfigurationPlatforms) = preSolution
		Debug|Any CPU = Debug|Any CPU
		Release|Any CPU = Release|Any CPU
	EndGlobalSection
	GlobalSection(ProjectConfigurationPlatforms) = postSolution
		{B62A44C6-4529-4D02-8D18-84BD87E1A89F}.Debug|Any CPU.ActiveCfg = Debug|Any CPU
		{B62A44C6-4529-4D02-8D18-84BD87E1A89F}.Debug|Any CPU.Build.0 = Debug|Any CPU
		{B62A44C6-4529-4D02-8D18-84BD87E1A89F}.Release|Any CPU.ActiveCfg = Release|Any CPU
		{B62A44C6-4529-4D02-8D18-84BD87E1A89F}.Release|Any CPU.Build.0 = Release|Any CPU
	EndGlobalSection
	GlobalSection(SolutionProperties) = preSolution
		HideSolutionNode = FALSE
	EndGlobalSection
	GlobalSection(ExtensibilityGlobals) = postSolution
		SolutionGuid = {83FB9EFC-DCBD-4D8B-B2DF-A3CC2E2DC7E3}
	EndGlobalSection
EndGlobal
