
Microsoft Visual Studio Solution File, Format Version 12.00
# Visual Studio 15
VisualStudioVersion = 15.0.27703.2047
MinimumVisualStudioVersion = 10.0.40219.1
Project("{9092AA53-FB77-4645-B42D-1CCCA6BD08BD}") = "MSR_2", "MSR_2.njsproj", "{03DBD222-CD36-4347-8801-2245A3226B7F}"
EndProject
Global
	GlobalSection(SolutionConfigurationPlatforms) = preSolution
		Debug|Any CPU = Debug|Any CPU
		Release|Any CPU = Release|Any CPU
	EndGlobalSection
	GlobalSection(ProjectConfigurationPlatforms) = postSolution
		{03DBD222-CD36-4347-8801-2245A3226B7F}.Debug|Any CPU.ActiveCfg = Debug|Any CPU
		{03DBD222-CD36-4347-8801-2245A3226B7F}.Debug|Any CPU.Build.0 = Debug|Any CPU
		{03DBD222-CD36-4347-8801-2245A3226B7F}.Release|Any CPU.ActiveCfg = Release|Any CPU
		{03DBD222-CD36-4347-8801-2245A3226B7F}.Release|Any CPU.Build.0 = Release|Any CPU
	EndGlobalSection
	GlobalSection(SolutionProperties) = preSolution
		HideSolutionNode = FALSE
	EndGlobalSection
	GlobalSection(ExtensibilityGlobals) = postSolution
		SolutionGuid = {7D517FD1-24BF-4624-A0B7-939DC71C5CA7}
	EndGlobalSection
EndGlobal
